
Microsoft Visual Studio Solution File, Format Version 12.00
# Visual Studio Version 16
VisualStudioVersion = 16.0.31624.102
MinimumVisualStudioVersion = 10.0.40219.1
Project("{FAE04EC0-301F-11D3-BF4B-00C04F79EFBC}") = "CurrencyApp.Android", "CurrencyApp\CurrencyApp.Android\CurrencyApp.Android.csproj", "{2BA29423-7407-4B9F-9A13-7257DDA63421}"
EndProject
Project("{9A19103F-16F7-4668-BE54-9A1E7A4F7556}") = "CurrencyApp", "CurrencyApp\CurrencyApp\CurrencyApp.csproj", "{C452B555-CCF6-43CC-A9E8-DF035124F3FF}"
EndProject
Global
	GlobalSection(SolutionConfigurationPlatforms) = preSolution
		Debug|Any CPU = Debug|Any CPU
		Debug|iPhone = Debug|iPhone
		Debug|iPhoneSimulator = Debug|iPhoneSimulator
		Release|Any CPU = Release|Any CPU
		Release|iPhone = Release|iPhone
		Release|iPhoneSimulator = Release|iPhoneSimulator
	EndGlobalSection
	GlobalSection(ProjectConfigurationPlatforms) = postSolution
		{2BA29423-7407-4B9F-9A13-7257DDA63421}.Debug|Any CPU.ActiveCfg = Debug|Any CPU
		{2BA29423-7407-4B9F-9A13-7257DDA63421}.Debug|Any CPU.Build.0 = Debug|Any CPU
		{2BA29423-7407-4B9F-9A13-7257DDA63421}.Debug|Any CPU.Deploy.0 = Debug|Any CPU
		{2BA29423-7407-4B9F-9A13-7257DDA63421}.Debug|iPhone.ActiveCfg = Debug|Any CPU
		{2BA29423-7407-4B9F-9A13-7257DDA63421}.Debug|iPhone.Build.0 = Debug|Any CPU
		{2BA29423-7407-4B9F-9A13-7257DDA63421}.Debug|iPhone.Deploy.0 = Debug|Any CPU
		{2BA29423-7407-4B9F-9A13-7257DDA63421}.Debug|iPhoneSimulator.ActiveCfg = Debug|Any CPU
		{2BA29423-7407-4B9F-9A13-7257DDA63421}.Debug|iPhoneSimulator.Build.0 = Debug|Any CPU
		{2BA29423-7407-4B9F-9A13-7257DDA63421}.Debug|iPhoneSimulator.Deploy.0 = Debug|Any CPU
		{2BA29423-7407-4B9F-9A13-7257DDA63421}.Release|Any CPU.ActiveCfg = Release|Any CPU
		{2BA29423-7407-4B9F-9A13-7257DDA63421}.Release|Any CPU.Build.0 = Release|Any CPU
		{2BA29423-7407-4B9F-9A13-7257DDA63421}.Release|Any CPU.Deploy.0 = Release|Any CPU
		{2BA29423-7407-4B9F-9A13-7257DDA63421}.Release|iPhone.ActiveCfg = Release|Any CPU
		{2BA29423-7407-4B9F-9A13-7257DDA63421}.Release|iPhone.Build.0 = Release|Any CPU
		{2BA29423-7407-4B9F-9A13-7257DDA63421}.Release|iPhone.Deploy.0 = Release|Any CPU
		{2BA29423-7407-4B9F-9A13-7257DDA63421}.Release|iPhoneSimulator.ActiveCfg = Release|Any CPU
		{2BA29423-7407-4B9F-9A13-7257DDA63421}.Release|iPhoneSimulator.Build.0 = Release|Any CPU
		{2BA29423-7407-4B9F-9A13-7257DDA63421}.Release|iPhoneSimulator.Deploy.0 = Release|Any CPU
		{C452B555-CCF6-43CC-A9E8-DF035124F3FF}.Debug|Any CPU.ActiveCfg = Debug|Any CPU
		{C452B555-CCF6-43CC-A9E8-DF035124F3FF}.Debug|Any CPU.Build.0 = Debug|Any CPU
		{C452B555-CCF6-43CC-A9E8-DF035124F3FF}.Debug|Any CPU.Deploy.0 = Debug|Any CPU
		{C452B555-CCF6-43CC-A9E8-DF035124F3FF}.Debug|iPhone.ActiveCfg = Debug|Any CPU
		{C452B555-CCF6-43CC-A9E8-DF035124F3FF}.Debug|iPhone.Build.0 = Debug|Any CPU
		{C452B555-CCF6-43CC-A9E8-DF035124F3FF}.Debug|iPhone.Deploy.0 = Debug|Any CPU
		{C452B555-CCF6-43CC-A9E8-DF035124F3FF}.Debug|iPhoneSimulator.ActiveCfg = Debug|Any CPU
		{C452B555-CCF6-43CC-A9E8-DF035124F3FF}.Debug|iPhoneSimulator.Build.0 = Debug|Any CPU
		{C452B555-CCF6-43CC-A9E8-DF035124F3FF}.Debug|iPhoneSimulator.Deploy.0 = Debug|Any CPU
		{C452B555-CCF6-43CC-A9E8-DF035124F3FF}.Release|Any CPU.ActiveCfg = Release|Any CPU
		{C452B555-CCF6-43CC-A9E8-DF035124F3FF}.Release|Any CPU.Build.0 = Release|Any CPU
		{C452B555-CCF6-43CC-A9E8-DF035124F3FF}.Release|Any CPU.Deploy.0 = Release|Any CPU
		{C452B555-CCF6-43CC-A9E8-DF035124F3FF}.Release|iPhone.ActiveCfg = Release|Any CPU
		{C452B555-CCF6-43CC-A9E8-DF035124F3FF}.Release|iPhone.Build.0 = Release|Any CPU
		{C452B555-CCF6-43CC-A9E8-DF035124F3FF}.Release|iPhone.Deploy.0 = Release|Any CPU
		{C452B555-CCF6-43CC-A9E8-DF035124F3FF}.Release|iPhoneSimulator.ActiveCfg = Release|Any CPU
		{C452B555-CCF6-43CC-A9E8-DF035124F3FF}.Release|iPhoneSimulator.Build.0 = Release|Any CPU
		{C452B555-CCF6-43CC-A9E8-DF035124F3FF}.Release|iPhoneSimulator.Deploy.0 = Release|Any CPU
	EndGlobalSection
	GlobalSection(SolutionProperties) = preSolution
		HideSolutionNode = FALSE
	EndGlobalSection
	GlobalSection(ExtensibilityGlobals) = postSolution
		SolutionGuid = {B1CDC93E-AE99-47C6-B5B1-29204FEAFDA7}
	EndGlobalSection
EndGlobal
